
Microsoft Visual Studio Solution File, Format Version 12.00
# Visual Studio Version 17
VisualStudioVersion = 17.6.33723.286
MinimumVisualStudioVersion = 10.0.40219.1
Project("{9A19103F-16F7-4668-BE54-9A1E7A4F7556}") = "01.Exercise-ClassBoxData", "01.Exercise-ClassBoxData\01.Exercise-ClassBoxData.csproj", "{D6C52752-8D3A-48B4-85EF-9DF95F68F786}"
EndProject
Project("{9A19103F-16F7-4668-BE54-9A1E7A4F7556}") = "02.Exercise-AnimalFarm", "02.Exercise-AnimalFarm\02.Exercise-AnimalFarm.csproj", "{35578869-8BB7-43B3-99B3-9B01DB1EF41C}"
EndProject
Project("{9A19103F-16F7-4668-BE54-9A1E7A4F7556}") = "03.Exercise-ShoppingSpree", "03.Exercise-ShoppingSpree\03.Exercise-ShoppingSpree.csproj", "{48E481BE-2640-4356-9C3D-B78ED79EA4EC}"
EndProject
Project("{9A19103F-16F7-4668-BE54-9A1E7A4F7556}") = "04.Exercise-PizzaCalories", "04.Exercise-PizzaCalories\04.Exercise-PizzaCalories.csproj", "{DC68C064-937A-41B6-9270-33C60F4D607E}"
EndProject
Project("{FAE04EC0-301F-11D3-BF4B-00C04F79EFBC}") = "05.Exercise-FootballTeamGenerator", "05.Exercise-FootballTeamGenerator\05.Exercise-FootballTeamGenerator.csproj", "{0CC6B2A8-DCE3-4862-B6F0-5EBE1F8CB11F}"
EndProject
Global
	GlobalSection(SolutionConfigurationPlatforms) = preSolution
		Debug|Any CPU = Debug|Any CPU
		Release|Any CPU = Release|Any CPU
	EndGlobalSection
	GlobalSection(ProjectConfigurationPlatforms) = postSolution
		{D6C52752-8D3A-48B4-85EF-9DF95F68F786}.Debug|Any CPU.ActiveCfg = Debug|Any CPU
		{D6C52752-8D3A-48B4-85EF-9DF95F68F786}.Debug|Any CPU.Build.0 = Debug|Any CPU
		{D6C52752-8D3A-48B4-85EF-9DF95F68F786}.Release|Any CPU.ActiveCfg = Release|Any CPU
		{D6C52752-8D3A-48B4-85EF-9DF95F68F786}.Release|Any CPU.Build.0 = Release|Any CPU
		{35578869-8BB7-43B3-99B3-9B01DB1EF41C}.Debug|Any CPU.ActiveCfg = Debug|Any CPU
		{35578869-8BB7-43B3-99B3-9B01DB1EF41C}.Debug|Any CPU.Build.0 = Debug|Any CPU
		{35578869-8BB7-43B3-99B3-9B01DB1EF41C}.Release|Any CPU.ActiveCfg = Release|Any CPU
		{35578869-8BB7-43B3-99B3-9B01DB1EF41C}.Release|Any CPU.Build.0 = Release|Any CPU
		{48E481BE-2640-4356-9C3D-B78ED79EA4EC}.Debug|Any CPU.ActiveCfg = Debug|Any CPU
		{48E481BE-2640-4356-9C3D-B78ED79EA4EC}.Debug|Any CPU.Build.0 = Debug|Any CPU
		{48E481BE-2640-4356-9C3D-B78ED79EA4EC}.Release|Any CPU.ActiveCfg = Release|Any CPU
		{48E481BE-2640-4356-9C3D-B78ED79EA4EC}.Release|Any CPU.Build.0 = Release|Any CPU
		{DC68C064-937A-41B6-9270-33C60F4D607E}.Debug|Any CPU.ActiveCfg = Debug|Any CPU
		{DC68C064-937A-41B6-9270-33C60F4D607E}.Debug|Any CPU.Build.0 = Debug|Any CPU
		{DC68C064-937A-41B6-9270-33C60F4D607E}.Release|Any CPU.ActiveCfg = Release|Any CPU
		{DC68C064-937A-41B6-9270-33C60F4D607E}.Release|Any CPU.Build.0 = Release|Any CPU
		{0CC6B2A8-DCE3-4862-B6F0-5EBE1F8CB11F}.Debug|Any CPU.ActiveCfg = Debug|Any CPU
		{0CC6B2A8-DCE3-4862-B6F0-5EBE1F8CB11F}.Debug|Any CPU.Build.0 = Debug|Any CPU
		{0CC6B2A8-DCE3-4862-B6F0-5EBE1F8CB11F}.Release|Any CPU.ActiveCfg = Release|Any CPU
		{0CC6B2A8-DCE3-4862-B6F0-5EBE1F8CB11F}.Release|Any CPU.Build.0 = Release|Any CPU
	EndGlobalSection
	GlobalSection(SolutionProperties) = preSolution
		HideSolutionNode = FALSE
	EndGlobalSection
	GlobalSection(ExtensibilityGlobals) = postSolution
		SolutionGuid = {CD75BA35-6F83-4EA7-BA26-7770DF06FDEB}
	EndGlobalSection
EndGlobal
