
Microsoft Visual Studio Solution File, Format Version 12.00
# Visual Studio Version 17
VisualStudioVersion = 17.6.33723.286
MinimumVisualStudioVersion = 10.0.40219.1
Project("{FAE04EC0-301F-11D3-BF4B-00C04F79EFBC}") = "01.Exercise", "01.Exercise\01.Exercise.csproj", "{8EF50D40-B1A9-4331-BFEA-E624C6224AF9}"
EndProject
Project("{FAE04EC0-301F-11D3-BF4B-00C04F79EFBC}") = "02.Exercise", "02.Exercise\02.Exercise.csproj", "{490BEB1F-D5A5-4474-AEF1-61FC9DFAD49C}"
EndProject
Project("{FAE04EC0-301F-11D3-BF4B-00C04F79EFBC}") = "03.Exercise", "03.Exercise\03.Exercise.csproj", "{924BEB8A-235E-4A40-8A22-0AD5F9AB1117}"
EndProject
Global
	GlobalSection(SolutionConfigurationPlatforms) = preSolution
		Debug|Any CPU = Debug|Any CPU
		Release|Any CPU = Release|Any CPU
	EndGlobalSection
	GlobalSection(ProjectConfigurationPlatforms) = postSolution
		{8EF50D40-B1A9-4331-BFEA-E624C6224AF9}.Debug|Any CPU.ActiveCfg = Debug|Any CPU
		{8EF50D40-B1A9-4331-BFEA-E624C6224AF9}.Debug|Any CPU.Build.0 = Debug|Any CPU
		{8EF50D40-B1A9-4331-BFEA-E624C6224AF9}.Release|Any CPU.ActiveCfg = Release|Any CPU
		{8EF50D40-B1A9-4331-BFEA-E624C6224AF9}.Release|Any CPU.Build.0 = Release|Any CPU
		{490BEB1F-D5A5-4474-AEF1-61FC9DFAD49C}.Debug|Any CPU.ActiveCfg = Debug|Any CPU
		{490BEB1F-D5A5-4474-AEF1-61FC9DFAD49C}.Debug|Any CPU.Build.0 = Debug|Any CPU
		{490BEB1F-D5A5-4474-AEF1-61FC9DFAD49C}.Release|Any CPU.ActiveCfg = Release|Any CPU
		{490BEB1F-D5A5-4474-AEF1-61FC9DFAD49C}.Release|Any CPU.Build.0 = Release|Any CPU
		{924BEB8A-235E-4A40-8A22-0AD5F9AB1117}.Debug|Any CPU.ActiveCfg = Debug|Any CPU
		{924BEB8A-235E-4A40-8A22-0AD5F9AB1117}.Debug|Any CPU.Build.0 = Debug|Any CPU
		{924BEB8A-235E-4A40-8A22-0AD5F9AB1117}.Release|Any CPU.ActiveCfg = Release|Any CPU
		{924BEB8A-235E-4A40-8A22-0AD5F9AB1117}.Release|Any CPU.Build.0 = Release|Any CPU
	EndGlobalSection
	GlobalSection(SolutionProperties) = preSolution
		HideSolutionNode = FALSE
	EndGlobalSection
	GlobalSection(ExtensibilityGlobals) = postSolution
		SolutionGuid = {6A80D2B1-88F9-4BFF-84DA-F96B3CEA9BA6}
	EndGlobalSection
EndGlobal
