
Microsoft Visual Studio Solution File, Format Version 12.00
# Visual Studio Version 17
VisualStudioVersion = 17.6.33723.286
MinimumVisualStudioVersion = 10.0.40219.1
Project("{FAE04EC0-301F-11D3-BF4B-00C04F79EFBC}") = "01.Exercise-TilesMaster", "01.Exercise-TilesMaster\01.Exercise-TilesMaster.csproj", "{96728CB2-E758-4FF8-88B2-8C4AA99516E7}"
EndProject
Project("{FAE04EC0-301F-11D3-BF4B-00C04F79EFBC}") = "02.Exercise-NavyBattle", "02.Exercise-NavyBattle\02.Exercise-NavyBattle.csproj", "{3D12505F-2873-43CD-8BD1-EEB8CD6E7064}"
EndProject
Project("{FAE04EC0-301F-11D3-BF4B-00C04F79EFBC}") = "03.Exercise-ShoeStore", "03.Exercise-ShoeStore\03.Exercise-ShoeStore.csproj", "{99F89EC0-3C56-4A6A-B8A7-0CAFAA32CADE}"
EndProject
Global
	GlobalSection(SolutionConfigurationPlatforms) = preSolution
		Debug|Any CPU = Debug|Any CPU
		Release|Any CPU = Release|Any CPU
	EndGlobalSection
	GlobalSection(ProjectConfigurationPlatforms) = postSolution
		{96728CB2-E758-4FF8-88B2-8C4AA99516E7}.Debug|Any CPU.ActiveCfg = Debug|Any CPU
		{96728CB2-E758-4FF8-88B2-8C4AA99516E7}.Debug|Any CPU.Build.0 = Debug|Any CPU
		{96728CB2-E758-4FF8-88B2-8C4AA99516E7}.Release|Any CPU.ActiveCfg = Release|Any CPU
		{96728CB2-E758-4FF8-88B2-8C4AA99516E7}.Release|Any CPU.Build.0 = Release|Any CPU
		{3D12505F-2873-43CD-8BD1-EEB8CD6E7064}.Debug|Any CPU.ActiveCfg = Debug|Any CPU
		{3D12505F-2873-43CD-8BD1-EEB8CD6E7064}.Debug|Any CPU.Build.0 = Debug|Any CPU
		{3D12505F-2873-43CD-8BD1-EEB8CD6E7064}.Release|Any CPU.ActiveCfg = Release|Any CPU
		{3D12505F-2873-43CD-8BD1-EEB8CD6E7064}.Release|Any CPU.Build.0 = Release|Any CPU
		{99F89EC0-3C56-4A6A-B8A7-0CAFAA32CADE}.Debug|Any CPU.ActiveCfg = Debug|Any CPU
		{99F89EC0-3C56-4A6A-B8A7-0CAFAA32CADE}.Debug|Any CPU.Build.0 = Debug|Any CPU
		{99F89EC0-3C56-4A6A-B8A7-0CAFAA32CADE}.Release|Any CPU.ActiveCfg = Release|Any CPU
		{99F89EC0-3C56-4A6A-B8A7-0CAFAA32CADE}.Release|Any CPU.Build.0 = Release|Any CPU
	EndGlobalSection
	GlobalSection(SolutionProperties) = preSolution
		HideSolutionNode = FALSE
	EndGlobalSection
	GlobalSection(ExtensibilityGlobals) = postSolution
		SolutionGuid = {1D8D1B75-C8C3-4C4A-A9FE-7860A7AF11EB}
	EndGlobalSection
EndGlobal
