
Microsoft Visual Studio Solution File, Format Version 12.00
# Visual Studio Version 17
VisualStudioVersion = 17.13.35913.81
MinimumVisualStudioVersion = 10.0.40219.1
Project("{FAE04EC0-301F-11D3-BF4B-00C04F79EFBC}") = "BookWebStore", "BookWebStore\BookWebStore.csproj", "{B5A5595E-70F3-45EC-AD97-27A72D99F4CB}"
EndProject
Project("{2150E333-8FDC-42A3-9474-1A3956D46DE8}") = "Data", "Data", "{02EA681E-C7D8-13C7-8484-4AC65E1B71E8}"
EndProject
Project("{FAE04EC0-301F-11D3-BF4B-00C04F79EFBC}") = "BookWebStore.Data", "BookWebStore.Data\BookWebStore.Data.csproj", "{005A10C0-463A-4184-9065-4550FE2FAD3B}"
EndProject
Project("{FAE04EC0-301F-11D3-BF4B-00C04F79EFBC}") = "BookWebStore.Data.Models", "BookWebStore.Data.Models\BookWebStore.Data.Models.csproj", "{AF2B1203-347B-4EC9-9122-7BA24CB09A5C}"
EndProject
Project("{2150E333-8FDC-42A3-9474-1A3956D46DE8}") = "Constants", "Constants", "{913680EB-E9B4-44C4-9E24-DE4C2F234BC8}"
EndProject
Project("{FAE04EC0-301F-11D3-BF4B-00C04F79EFBC}") = "BookWebStore.Constants", "BookWebStore.Constants\BookWebStore.Constants.csproj", "{8F7C3D9D-B351-4267-8A2C-E7DB1949B2E7}"
EndProject
Project("{2150E333-8FDC-42A3-9474-1A3956D46DE8}") = "ViewModels", "ViewModels", "{92334405-A719-4115-AA01-BD35C37BCEB0}"
EndProject
Project("{FAE04EC0-301F-11D3-BF4B-00C04F79EFBC}") = "BookWebStore.ViewModels", "BookWebStore.ViewModels\BookWebStore.ViewModels.csproj", "{3BF202D2-8BB5-436B-A24E-E967DFE42B45}"
EndProject
Project("{2150E333-8FDC-42A3-9474-1A3956D46DE8}") = "Services", "Services", "{34135ECB-49B6-4B9B-8777-8F5CD722015E}"
EndProject
Project("{FAE04EC0-301F-11D3-BF4B-00C04F79EFBC}") = "BookWebStore.Services", "BookWebStore.Services\BookWebStore.Services.csproj", "{0CA52271-414C-4D62-8429-5097957221CA}"
EndProject
Project("{FAE04EC0-301F-11D3-BF4B-00C04F79EFBC}") = "BookWebStore.Services.Interfaces", "BookWebStore.Services.Interfaces\BookWebStore.Services.Interfaces.csproj", "{909ED458-B7AA-4161-A3FF-6660645FDE01}"
EndProject
Project("{2150E333-8FDC-42A3-9474-1A3956D46DE8}") = "Repositories", "Repositories", "{24B6BA95-6F30-4196-9C67-FB4FE9C8069B}"
EndProject
Project("{FAE04EC0-301F-11D3-BF4B-00C04F79EFBC}") = "BookWebStore.Repositories", "BookWebStore.Repositories\BookWebStore.Repositories.csproj", "{8F6ABD20-2E04-48DB-A544-AC8FDECFC7D4}"
EndProject
Project("{FAE04EC0-301F-11D3-BF4B-00C04F79EFBC}") = "BookWebStore.Repositories.Interfaces", "BookWebStore.Repositories.Interfaces\BookWebStore.Repositories.Interfaces.csproj", "{BB8683AD-35BD-46BC-9E23-ACA11058B059}"
EndProject
Project("{FAE04EC0-301F-11D3-BF4B-00C04F79EFBC}") = "BookWebStore.Data.Entities", "BookWebStore.Data.Entities\BookWebStore.Data.Entities.csproj", "{0A77AE0E-9645-4AB3-820E-F8A9607B77F8}"
EndProject
Global
	GlobalSection(SolutionConfigurationPlatforms) = preSolution
		Debug|Any CPU = Debug|Any CPU
		Release|Any CPU = Release|Any CPU
	EndGlobalSection
	GlobalSection(ProjectConfigurationPlatforms) = postSolution
		{B5A5595E-70F3-45EC-AD97-27A72D99F4CB}.Debug|Any CPU.ActiveCfg = Debug|Any CPU
		{B5A5595E-70F3-45EC-AD97-27A72D99F4CB}.Debug|Any CPU.Build.0 = Debug|Any CPU
		{B5A5595E-70F3-45EC-AD97-27A72D99F4CB}.Release|Any CPU.ActiveCfg = Release|Any CPU
		{B5A5595E-70F3-45EC-AD97-27A72D99F4CB}.Release|Any CPU.Build.0 = Release|Any CPU
		{005A10C0-463A-4184-9065-4550FE2FAD3B}.Debug|Any CPU.ActiveCfg = Debug|Any CPU
		{005A10C0-463A-4184-9065-4550FE2FAD3B}.Debug|Any CPU.Build.0 = Debug|Any CPU
		{005A10C0-463A-4184-9065-4550FE2FAD3B}.Release|Any CPU.ActiveCfg = Release|Any CPU
		{005A10C0-463A-4184-9065-4550FE2FAD3B}.Release|Any CPU.Build.0 = Release|Any CPU
		{AF2B1203-347B-4EC9-9122-7BA24CB09A5C}.Debug|Any CPU.ActiveCfg = Debug|Any CPU
		{AF2B1203-347B-4EC9-9122-7BA24CB09A5C}.Debug|Any CPU.Build.0 = Debug|Any CPU
		{AF2B1203-347B-4EC9-9122-7BA24CB09A5C}.Release|Any CPU.ActiveCfg = Release|Any CPU
		{AF2B1203-347B-4EC9-9122-7BA24CB09A5C}.Release|Any CPU.Build.0 = Release|Any CPU
		{8F7C3D9D-B351-4267-8A2C-E7DB1949B2E7}.Debug|Any CPU.ActiveCfg = Debug|Any CPU
		{8F7C3D9D-B351-4267-8A2C-E7DB1949B2E7}.Debug|Any CPU.Build.0 = Debug|Any CPU
		{8F7C3D9D-B351-4267-8A2C-E7DB1949B2E7}.Release|Any CPU.ActiveCfg = Release|Any CPU
		{8F7C3D9D-B351-4267-8A2C-E7DB1949B2E7}.Release|Any CPU.Build.0 = Release|Any CPU
		{3BF202D2-8BB5-436B-A24E-E967DFE42B45}.Debug|Any CPU.ActiveCfg = Debug|Any CPU
		{3BF202D2-8BB5-436B-A24E-E967DFE42B45}.Debug|Any CPU.Build.0 = Debug|Any CPU
		{3BF202D2-8BB5-436B-A24E-E967DFE42B45}.Release|Any CPU.ActiveCfg = Release|Any CPU
		{3BF202D2-8BB5-436B-A24E-E967DFE42B45}.Release|Any CPU.Build.0 = Release|Any CPU
		{0CA52271-414C-4D62-8429-5097957221CA}.Debug|Any CPU.ActiveCfg = Debug|Any CPU
		{0CA52271-414C-4D62-8429-5097957221CA}.Debug|Any CPU.Build.0 = Debug|Any CPU
		{0CA52271-414C-4D62-8429-5097957221CA}.Release|Any CPU.ActiveCfg = Release|Any CPU
		{0CA52271-414C-4D62-8429-5097957221CA}.Release|Any CPU.Build.0 = Release|Any CPU
		{909ED458-B7AA-4161-A3FF-6660645FDE01}.Debug|Any CPU.ActiveCfg = Debug|Any CPU
		{909ED458-B7AA-4161-A3FF-6660645FDE01}.Debug|Any CPU.Build.0 = Debug|Any CPU
		{909ED458-B7AA-4161-A3FF-6660645FDE01}.Release|Any CPU.ActiveCfg = Release|Any CPU
		{909ED458-B7AA-4161-A3FF-6660645FDE01}.Release|Any CPU.Build.0 = Release|Any CPU
		{8F6ABD20-2E04-48DB-A544-AC8FDECFC7D4}.Debug|Any CPU.ActiveCfg = Debug|Any CPU
		{8F6ABD20-2E04-48DB-A544-AC8FDECFC7D4}.Debug|Any CPU.Build.0 = Debug|Any CPU
		{8F6ABD20-2E04-48DB-A544-AC8FDECFC7D4}.Release|Any CPU.ActiveCfg = Release|Any CPU
		{8F6ABD20-2E04-48DB-A544-AC8FDECFC7D4}.Release|Any CPU.Build.0 = Release|Any CPU
		{BB8683AD-35BD-46BC-9E23-ACA11058B059}.Debug|Any CPU.ActiveCfg = Debug|Any CPU
		{BB8683AD-35BD-46BC-9E23-ACA11058B059}.Debug|Any CPU.Build.0 = Debug|Any CPU
		{BB8683AD-35BD-46BC-9E23-ACA11058B059}.Release|Any CPU.ActiveCfg = Release|Any CPU
		{BB8683AD-35BD-46BC-9E23-ACA11058B059}.Release|Any CPU.Build.0 = Release|Any CPU
		{0A77AE0E-9645-4AB3-820E-F8A9607B77F8}.Debug|Any CPU.ActiveCfg = Debug|Any CPU
		{0A77AE0E-9645-4AB3-820E-F8A9607B77F8}.Debug|Any CPU.Build.0 = Debug|Any CPU
		{0A77AE0E-9645-4AB3-820E-F8A9607B77F8}.Release|Any CPU.ActiveCfg = Release|Any CPU
		{0A77AE0E-9645-4AB3-820E-F8A9607B77F8}.Release|Any CPU.Build.0 = Release|Any CPU
	EndGlobalSection
	GlobalSection(SolutionProperties) = preSolution
		HideSolutionNode = FALSE
	EndGlobalSection
	GlobalSection(NestedProjects) = preSolution
		{005A10C0-463A-4184-9065-4550FE2FAD3B} = {02EA681E-C7D8-13C7-8484-4AC65E1B71E8}
		{AF2B1203-347B-4EC9-9122-7BA24CB09A5C} = {02EA681E-C7D8-13C7-8484-4AC65E1B71E8}
		{8F7C3D9D-B351-4267-8A2C-E7DB1949B2E7} = {913680EB-E9B4-44C4-9E24-DE4C2F234BC8}
		{3BF202D2-8BB5-436B-A24E-E967DFE42B45} = {92334405-A719-4115-AA01-BD35C37BCEB0}
		{0CA52271-414C-4D62-8429-5097957221CA} = {34135ECB-49B6-4B9B-8777-8F5CD722015E}
		{909ED458-B7AA-4161-A3FF-6660645FDE01} = {34135ECB-49B6-4B9B-8777-8F5CD722015E}
		{8F6ABD20-2E04-48DB-A544-AC8FDECFC7D4} = {24B6BA95-6F30-4196-9C67-FB4FE9C8069B}
		{BB8683AD-35BD-46BC-9E23-ACA11058B059} = {24B6BA95-6F30-4196-9C67-FB4FE9C8069B}
		{0A77AE0E-9645-4AB3-820E-F8A9607B77F8} = {02EA681E-C7D8-13C7-8484-4AC65E1B71E8}
	EndGlobalSection
	GlobalSection(ExtensibilityGlobals) = postSolution
		SolutionGuid = {2D0647D0-6B50-4285-A954-39CF26C81E72}
	EndGlobalSection
EndGlobal
