
Microsoft Visual Studio Solution File, Format Version 12.00
# Visual Studio Version 17
VisualStudioVersion = 17.11.35312.102
MinimumVisualStudioVersion = 10.0.40219.1
Project("{9A19103F-16F7-4668-BE54-9A1E7A4F7556}") = "MusicWebStore", "MusicWebStore\MusicWebStore.csproj", "{CA43A8B1-0619-4A3A-99E5-021776AEA57C}"
EndProject
Project("{2150E333-8FDC-42A3-9474-1A3956D46DE8}") = "Data", "Data", "{1F62FB71-F89D-4A0D-B781-0A5EE6BFF20C}"
EndProject
Project("{9A19103F-16F7-4668-BE54-9A1E7A4F7556}") = "MusicWebStore.Data", "MusicWebStore.Data\MusicWebStore.Data.csproj", "{A0B6CEAA-022D-4E18-A9F1-51F80DBC9918}"
EndProject
Project("{9A19103F-16F7-4668-BE54-9A1E7A4F7556}") = "MusicWebStore.Data.Models", "MusicWebStore.Data.Models\MusicWebStore.Data.Models.csproj", "{9BECC7E4-563C-4B76-9942-CD9B400F90B6}"
EndProject
Project("{9A19103F-16F7-4668-BE54-9A1E7A4F7556}") = "MusicWebStore.Constants", "MusicWebStore.Constants\MusicWebStore.Constants.csproj", "{8D995526-1160-47C6-9EA1-26261B494C83}"
EndProject
Project("{2150E333-8FDC-42A3-9474-1A3956D46DE8}") = "Constants", "Constants", "{C4F92B0A-83F5-4741-BB37-203FFC96EA8E}"
EndProject
Project("{2150E333-8FDC-42A3-9474-1A3956D46DE8}") = "ViewModels", "ViewModels", "{C6611CF4-F891-4DAE-9870-FFBA8922BF63}"
EndProject
Project("{9A19103F-16F7-4668-BE54-9A1E7A4F7556}") = "MusicWebStore.ViewModels", "MusicWebStore.ViewModels\MusicWebStore.ViewModels.csproj", "{7892F5D4-DA3B-4DB8-AD4A-9B81C1842CA6}"
EndProject
Project("{2150E333-8FDC-42A3-9474-1A3956D46DE8}") = "Services", "Services", "{0FC27BD0-9861-41B5-8701-4289D9567227}"
EndProject
Project("{9A19103F-16F7-4668-BE54-9A1E7A4F7556}") = "MusicWebStore.Services", "MusicWebStore.Services\MusicWebStore.Services.csproj", "{20CF45E3-02FC-4185-8436-32972C3F9389}"
EndProject
Project("{FAE04EC0-301F-11D3-BF4B-00C04F79EFBC}") = "MusicWebStore.Services.Interfaces", "MusicWebStore.Services.Interfaces\MusicWebStore.Services.Interfaces.csproj", "{BB76C7F9-045C-4E73-859D-BC0AE85FC65F}"
EndProject
Global
	GlobalSection(SolutionConfigurationPlatforms) = preSolution
		Debug|Any CPU = Debug|Any CPU
		Release|Any CPU = Release|Any CPU
	EndGlobalSection
	GlobalSection(ProjectConfigurationPlatforms) = postSolution
		{CA43A8B1-0619-4A3A-99E5-021776AEA57C}.Debug|Any CPU.ActiveCfg = Debug|Any CPU
		{CA43A8B1-0619-4A3A-99E5-021776AEA57C}.Debug|Any CPU.Build.0 = Debug|Any CPU
		{CA43A8B1-0619-4A3A-99E5-021776AEA57C}.Release|Any CPU.ActiveCfg = Release|Any CPU
		{CA43A8B1-0619-4A3A-99E5-021776AEA57C}.Release|Any CPU.Build.0 = Release|Any CPU
		{A0B6CEAA-022D-4E18-A9F1-51F80DBC9918}.Debug|Any CPU.ActiveCfg = Debug|Any CPU
		{A0B6CEAA-022D-4E18-A9F1-51F80DBC9918}.Debug|Any CPU.Build.0 = Debug|Any CPU
		{A0B6CEAA-022D-4E18-A9F1-51F80DBC9918}.Release|Any CPU.ActiveCfg = Release|Any CPU
		{A0B6CEAA-022D-4E18-A9F1-51F80DBC9918}.Release|Any CPU.Build.0 = Release|Any CPU
		{9BECC7E4-563C-4B76-9942-CD9B400F90B6}.Debug|Any CPU.ActiveCfg = Debug|Any CPU
		{9BECC7E4-563C-4B76-9942-CD9B400F90B6}.Debug|Any CPU.Build.0 = Debug|Any CPU
		{9BECC7E4-563C-4B76-9942-CD9B400F90B6}.Release|Any CPU.ActiveCfg = Release|Any CPU
		{9BECC7E4-563C-4B76-9942-CD9B400F90B6}.Release|Any CPU.Build.0 = Release|Any CPU
		{8D995526-1160-47C6-9EA1-26261B494C83}.Debug|Any CPU.ActiveCfg = Debug|Any CPU
		{8D995526-1160-47C6-9EA1-26261B494C83}.Debug|Any CPU.Build.0 = Debug|Any CPU
		{8D995526-1160-47C6-9EA1-26261B494C83}.Release|Any CPU.ActiveCfg = Release|Any CPU
		{8D995526-1160-47C6-9EA1-26261B494C83}.Release|Any CPU.Build.0 = Release|Any CPU
		{7892F5D4-DA3B-4DB8-AD4A-9B81C1842CA6}.Debug|Any CPU.ActiveCfg = Debug|Any CPU
		{7892F5D4-DA3B-4DB8-AD4A-9B81C1842CA6}.Debug|Any CPU.Build.0 = Debug|Any CPU
		{7892F5D4-DA3B-4DB8-AD4A-9B81C1842CA6}.Release|Any CPU.ActiveCfg = Release|Any CPU
		{7892F5D4-DA3B-4DB8-AD4A-9B81C1842CA6}.Release|Any CPU.Build.0 = Release|Any CPU
		{20CF45E3-02FC-4185-8436-32972C3F9389}.Debug|Any CPU.ActiveCfg = Debug|Any CPU
		{20CF45E3-02FC-4185-8436-32972C3F9389}.Debug|Any CPU.Build.0 = Debug|Any CPU
		{20CF45E3-02FC-4185-8436-32972C3F9389}.Release|Any CPU.ActiveCfg = Release|Any CPU
		{20CF45E3-02FC-4185-8436-32972C3F9389}.Release|Any CPU.Build.0 = Release|Any CPU
		{BB76C7F9-045C-4E73-859D-BC0AE85FC65F}.Debug|Any CPU.ActiveCfg = Debug|Any CPU
		{BB76C7F9-045C-4E73-859D-BC0AE85FC65F}.Debug|Any CPU.Build.0 = Debug|Any CPU
		{BB76C7F9-045C-4E73-859D-BC0AE85FC65F}.Release|Any CPU.ActiveCfg = Release|Any CPU
		{BB76C7F9-045C-4E73-859D-BC0AE85FC65F}.Release|Any CPU.Build.0 = Release|Any CPU
	EndGlobalSection
	GlobalSection(SolutionProperties) = preSolution
		HideSolutionNode = FALSE
	EndGlobalSection
	GlobalSection(NestedProjects) = preSolution
		{A0B6CEAA-022D-4E18-A9F1-51F80DBC9918} = {1F62FB71-F89D-4A0D-B781-0A5EE6BFF20C}
		{9BECC7E4-563C-4B76-9942-CD9B400F90B6} = {1F62FB71-F89D-4A0D-B781-0A5EE6BFF20C}
		{8D995526-1160-47C6-9EA1-26261B494C83} = {C4F92B0A-83F5-4741-BB37-203FFC96EA8E}
		{7892F5D4-DA3B-4DB8-AD4A-9B81C1842CA6} = {C6611CF4-F891-4DAE-9870-FFBA8922BF63}
		{20CF45E3-02FC-4185-8436-32972C3F9389} = {0FC27BD0-9861-41B5-8701-4289D9567227}
		{BB76C7F9-045C-4E73-859D-BC0AE85FC65F} = {0FC27BD0-9861-41B5-8701-4289D9567227}
	EndGlobalSection
	GlobalSection(ExtensibilityGlobals) = postSolution
		SolutionGuid = {72A5F984-22E5-451B-81AC-42FBA4D06ECC}
	EndGlobalSection
EndGlobal
