
Microsoft Visual Studio Solution File, Format Version 12.00
# Visual Studio Version 17
VisualStudioVersion = 17.6.33723.286
MinimumVisualStudioVersion = 10.0.40219.1
Project("{FAE04EC0-301F-11D3-BF4B-00C04F79EFBC}") = "01.Exercise-RubberDuckDebuggers", "01.Exercise-RubberDuckDebuggers\01.Exercise-RubberDuckDebuggers.csproj", "{CCA55BC4-DC2B-4DDC-97E4-56EC806EA437}"
EndProject
Project("{FAE04EC0-301F-11D3-BF4B-00C04F79EFBC}") = "02.Exercise-TheSquirrel", "02.Exercise-TheSquirrel\02.Exercise-TheSquirrel.csproj", "{EAAB66D3-224A-4E86-A7A5-FDCB34A3AA46}"
EndProject
Project("{FAE04EC0-301F-11D3-BF4B-00C04F79EFBC}") = "03.Exercise-ClothesMagazine", "03.Exercise-ClothesMagazine\03.Exercise-ClothesMagazine.csproj", "{D8ECDF1B-2AD7-4CCB-9729-DBA927A59740}"
EndProject
Global
	GlobalSection(SolutionConfigurationPlatforms) = preSolution
		Debug|Any CPU = Debug|Any CPU
		Release|Any CPU = Release|Any CPU
	EndGlobalSection
	GlobalSection(ProjectConfigurationPlatforms) = postSolution
		{CCA55BC4-DC2B-4DDC-97E4-56EC806EA437}.Debug|Any CPU.ActiveCfg = Debug|Any CPU
		{CCA55BC4-DC2B-4DDC-97E4-56EC806EA437}.Debug|Any CPU.Build.0 = Debug|Any CPU
		{CCA55BC4-DC2B-4DDC-97E4-56EC806EA437}.Release|Any CPU.ActiveCfg = Release|Any CPU
		{CCA55BC4-DC2B-4DDC-97E4-56EC806EA437}.Release|Any CPU.Build.0 = Release|Any CPU
		{EAAB66D3-224A-4E86-A7A5-FDCB34A3AA46}.Debug|Any CPU.ActiveCfg = Debug|Any CPU
		{EAAB66D3-224A-4E86-A7A5-FDCB34A3AA46}.Debug|Any CPU.Build.0 = Debug|Any CPU
		{EAAB66D3-224A-4E86-A7A5-FDCB34A3AA46}.Release|Any CPU.ActiveCfg = Release|Any CPU
		{EAAB66D3-224A-4E86-A7A5-FDCB34A3AA46}.Release|Any CPU.Build.0 = Release|Any CPU
		{D8ECDF1B-2AD7-4CCB-9729-DBA927A59740}.Debug|Any CPU.ActiveCfg = Debug|Any CPU
		{D8ECDF1B-2AD7-4CCB-9729-DBA927A59740}.Debug|Any CPU.Build.0 = Debug|Any CPU
		{D8ECDF1B-2AD7-4CCB-9729-DBA927A59740}.Release|Any CPU.ActiveCfg = Release|Any CPU
		{D8ECDF1B-2AD7-4CCB-9729-DBA927A59740}.Release|Any CPU.Build.0 = Release|Any CPU
	EndGlobalSection
	GlobalSection(SolutionProperties) = preSolution
		HideSolutionNode = FALSE
	EndGlobalSection
	GlobalSection(ExtensibilityGlobals) = postSolution
		SolutionGuid = {59254FA0-1063-4E56-99CC-05E9D50EE531}
	EndGlobalSection
EndGlobal
